// !$*UTF8*$!
{
	archiveVersion = 1;
	classes = {
	};
	objectVersion = 46;
	objects = {

/* Begin PBXBuildFile section */
		3D4D838B1ECA1ADD007D3582 /* AppDelegate.swift in Sources */ = {isa = PBXBuildFile; fileRef = 3D4D838A1ECA1ADD007D3582 /* AppDelegate.swift */; };
		3D4D838D1ECA1ADD007D3582 /* ViewController.swift in Sources */ = {isa = PBXBuildFile; fileRef = 3D4D838C1ECA1ADD007D3582 /* ViewController.swift */; };
		3D4D838F1ECA1ADD007D3582 /* Assets.xcassets in Resources */ = {isa = PBXBuildFile; fileRef = 3D4D838E1ECA1ADD007D3582 /* Assets.xcassets */; };
		3D4D83921ECA1ADD007D3582 /* Main.storyboard in Resources */ = {isa = PBXBuildFile; fileRef = 3D4D83901ECA1ADD007D3582 /* Main.storyboard */; };
/* End PBXBuildFile section */

/* Begin PBXFileReference section */
		3D4D83871ECA1ADD007D3582 /* UDP_Flooder.app */ = {isa = PBXFileReference; explicitFileType = wrapper.application; includeInIndex = 0; path = UDP_Flooder.app; sourceTree = BUILT_PRODUCTS_DIR; };
		3D4D838A1ECA1ADD007D3582 /* AppDelegate.swift */ = {isa = PBXFileReference; lastKnownFileType = sourcecode.swift; path = AppDelegate.swift; sourceTree = "<group>"; };
		3D4D838C1ECA1ADD007D3582 /* ViewController.swift */ = {isa = PBXFileReference; lastKnownFileType = sourcecode.swift; path = ViewController.swift; sourceTree = "<group>"; };
		3D4D838E1ECA1ADD007D3582 /* Assets.xcassets */ = {isa = PBXFileReference; lastKnownFileType = folder.assetcatalog; path = Assets.xcassets; sourceTree = "<group>"; };
		3D4D83911ECA1ADD007D3582 /* Base */ = {isa = PBXFileReference; lastKnownFileType = file.storyboard; name = Base; path = Base.lproj/Main.storyboard; sourceTree = "<group>"; };
		3D4D83931ECA1ADD007D3582 /* Info.plist */ = {isa = PBXFileReference; lastKnownFileType = text.plist.xml; path = Info.plist; sourceTree = "<group>"; };
/* End PBXFileReference section */

/* Begin PBXFrameworksBuildPhase section */
		3D4D83841ECA1ADD007D3582 /* Frameworks */ = {
			isa = PBXFrameworksBuildPhase;
			buildActionMask = 2147483647;
			files = (
			);
			runOnlyForDeploymentPostprocessing = 0;
		};
/* End PBXFrameworksBuildPhase section */

/* Begin PBXGroup section */
		3D4D837E1ECA1ADD007D3582 = {
			isa = PBXGroup;
			children = (
				3D4D83891ECA1ADD007D3582 /* UDP_Flooder */,
				3D4D83881ECA1ADD007D3582 /* Products */,
			);
			sourceTree = "<group>";
		};
		3D4D83881ECA1ADD007D3582 /* Products */ = {
			isa = PBXGroup;
			children = (
				3D4D83871ECA1ADD007D3582 /* UDP_Flooder.app */,
			);
			name = Products;
			sourceTree = "<group>";
		};
		3D4D83891ECA1ADD007D3582 /* UDP_Flooder */ = {
			isa = PBXGroup;
			children = (
				3D4D838A1ECA1ADD007D3582 /* AppDelegate.swift */,
				3D4D838C1ECA1ADD007D3582 /* ViewController.swift */,
				3D4D838E1ECA1ADD007D3582 /* Assets.xcassets */,
				3D4D83901ECA1ADD007D3582 /* Main.storyboard */,
				3D4D83931ECA1ADD007D3582 /* Info.plist */,
			);
			path = UDP_Flooder;
			sourceTree = "<group>";
		};
/* End PBXGroup section */

/* Begin PBXNativeTarget section */
		3D4D83861ECA1ADD007D3582 /* UDP_Flooder */ = {
			isa = PBXNativeTarget;
			buildConfigurationList = 3D4D83961ECA1ADD007D3582 /* Build configuration list for PBXNativeTarget "UDP_Flooder" */;
			buildPhases = (
				3D4D83831ECA1ADD007D3582 /* Sources */,
				3D4D83841ECA1ADD007D3582 /* Frameworks */,
				3D4D83851ECA1ADD007D3582 /* Resources */,
			);
			buildRules = (
			);
			dependencies = (
			);
			name = UDP_Flooder;
			productName = UDP_Flooder;
			productReference = 3D4D83871ECA1ADD007D3582 /* UDP_Flooder.app */;
			productType = "com.apple.product-type.application";
		};
/* End PBXNativeTarget section */

/* Begin PBXProject section */
		3D4D837F1ECA1ADD007D3582 /* Project object */ = {
			isa = PBXProject;
			attributes = {
				LastSwiftUpdateCheck = 0830;
				LastUpgradeCheck = 0830;
				ORGANIZATIONNAME = BinaryBoy;
				TargetAttributes = {
					3D4D83861ECA1ADD007D3582 = {
						CreatedOnToolsVersion = 8.3.2;
						DevelopmentTeam = LXW484D3N9;
						ProvisioningStyle = Automatic;
					};
				};
			};
			buildConfigurationList = 3D4D83821ECA1ADD007D3582 /* Build configuration list for PBXProject "UDP_Flooder" */;
			compatibilityVersion = "Xcode 3.2";
			developmentRegion = English;
			hasScannedForEncodings = 0;
			knownRegions = (
				en,
				Base,
			);
			mainGroup = 3D4D837E1ECA1ADD007D3582;
			productRefGroup = 3D4D83881ECA1ADD007D3582 /* Products */;
			projectDirPath = "";
			projectRoot = "";
			targets = (
				3D4D83861ECA1ADD007D3582 /* UDP_Flooder */,
			);
		};
/* End PBXProject section */

/* Begin PBXResourcesBuildPhase section */
		3D4D83851ECA1ADD007D3582 /* Resources */ = {
			isa = PBXResourcesBuildPhase;
			buildActionMask = 2147483647;
			files = (
				3D4D838F1ECA1ADD007D3582 /* Assets.xcassets in Resources */,
				3D4D83921ECA1ADD007D3582 /* Main.storyboard in Resources */,
			);
			runOnlyForDeploymentPostprocessing = 0;
		};
/* End PBXResourcesBuildPhase section */

/* Begin PBXSourcesBuildPhase section */
		3D4D83831ECA1ADD007D3582 /* Sources */ = {
			isa = PBXSourcesBuildPhase;
			buildActionMask = 2147483647;
			files = (
				3D4D838D1ECA1ADD007D3582 /* ViewController.swift in Sources */,
				3D4D838B1ECA1ADD007D3582 /* AppDelegate.swift in Sources */,
			);
			runOnlyForDeploymentPostprocessing = 0;
		};
/* End PBXSourcesBuildPhase section */

/* Begin PBXVariantGroup section */
		3D4D83901ECA1ADD007D3582 /* Main.storyboard */ = {
			isa = PBXVariantGroup;
			children = (
				3D4D83911ECA1ADD007D3582 /* Base */,
			);
			name = Main.storyboard;
			sourceTree = "<group>";
		};
/* End PBXVariantGroup section */

/* Begin XCBuildConfiguration section */
		3D4D83941ECA1ADD007D3582 /* Debug */ = {
			isa = XCBuildConfiguration;
			buildSettings = {
				ALWAYS_SEARCH_USER_PATHS = NO;
				CLANG_ANALYZER_NONNULL = YES;
				CLANG_ANALYZER_NUMBER_OBJECT_CONVERSION = YES_AGGRESSIVE;
				CLANG_CXX_LANGUAGE_STANDARD = "gnu++0x";
				CLANG_CXX_LIBRARY = "libc++";
				CLANG_ENABLE_MODULES = YES;
				CLANG_ENABLE_OBJC_ARC = YES;
				CLANG_WARN_BOOL_CONVERSION = YES;
				CLANG_WARN_CONSTANT_CONVERSION = YES;
				CLANG_WARN_DIRECT_OBJC_ISA_USAGE = YES_ERROR;
				CLANG_WARN_DOCUMENTATION_COMMENTS = YES;
				CLANG_WARN_EMPTY_BODY = YES;
				CLANG_WARN_ENUM_CONVERSION = YES;
				CLANG_WARN_INFINITE_RECURSION = YES;
				CLANG_WARN_INT_CONVERSION = YES;
				CLANG_WARN_OBJC_ROOT_CLASS = YES_ERROR;
				CLANG_WARN_SUSPICIOUS_MOVE = YES;
				CLANG_WARN_UNREACHABLE_CODE = YES;
				CLANG_WARN__DUPLICATE_METHOD_MATCH = YES;
				CODE_SIGN_IDENTITY = "-";
				COPY_PHASE_STRIP = NO;
				DEBUG_INFORMATION_FORMAT = dwarf;
				ENABLE_STRICT_OBJC_MSGSEND = YES;
				ENABLE_TESTABILITY = YES;
				GCC_C_LANGUAGE_STANDARD = gnu99;
				GCC_DYNAMIC_NO_PIC = NO;
				GCC_NO_COMMON_BLOCKS = YES;
				GCC_OPTIMIZATION_LEVEL = 0;
				GCC_PREPROCESSOR_DEFINITIONS = (
					"DEBUG=1",
					"$(inherited)",
				);
				GCC_WARN_64_TO_32_BIT_CONVERSION = YES;
				GCC_WARN_ABOUT_RETURN_TYPE = YES_ERROR;
				GCC_WARN_UNDECLARED_SELECTOR = YES;
				GCC_WARN_UNINITIALIZED_AUTOS = YES_AGGRESSIVE;
				GCC_WARN_UNUSED_FUNCTION = YES;
				GCC_WARN_UNUSED_VARIABLE = YES;
				MACOSX_DEPLOYMENT_TARGET = 10.12;
				MTL_ENABLE_DEBUG_INFO = YES;
				ONLY_ACTIVE_ARCH = YES;
				SDKROOT = macosx;
				SWIFT_ACTIVE_COMPILATION_CONDITIONS = DEBUG;
				SWIFT_OPTIMIZATION_LEVEL = "-Onone";
			};
			name = Debug;
		};
		3D4D83951ECA1ADD007D3582 /* Release */ = {
			isa = XCBuildConfiguration;
			buildSettings = {
				ALWAYS_SEARCH_USER_PATHS = NO;
				CLANG_ANALYZER_NONNULL = YES;
				CLANG_ANALYZER_NUMBER_OBJECT_CONVERSION = YES_AGGRESSIVE;
				CLANG_CXX_LANGUAGE_STANDARD = "gnu++0x";
				CLANG_CXX_LIBRARY = "libc++";
				CLANG_ENABLE_MODULES = YES;
				CLANG_ENABLE_OBJC_ARC = YES;
				CLANG_WARN_BOOL_CONVERSION = YES;
				CLANG_WARN_CONSTANT_CONVERSION = YES;
				CLANG_WARN_DIRECT_OBJC_ISA_USAGE = YES_ERROR;
				CLANG_WARN_DOCUMENTATION_COMMENTS = YES;
				CLANG_WARN_EMPTY_BODY = YES;
				CLANG_WARN_ENUM_CONVERSION = YES;
				CLANG_WARN_INFINITE_RECURSION = YES;
				CLANG_WARN_INT_CONVERSION = YES;
				CLANG_WARN_OBJC_ROOT_CLASS = YES_ERROR;
				CLANG_WARN_SUSPICIOUS_MOVE = YES;
				CLANG_WARN_UNREACHABLE_CODE = YES;
				CLANG_WARN__DUPLICATE_METHOD_MATCH = YES;
				CODE_SIGN_IDENTITY = "-";
				COPY_PHASE_STRIP = NO;
				DEBUG_INFORMATION_FORMAT = "dwarf-with-dsym";
				ENABLE_NS_ASSERTIONS = NO;
				ENABLE_STRICT_OBJC_MSGSEND = YES;
				GCC_C_LANGUAGE_STANDARD = gnu99;
				GCC_NO_COMMON_BLOCKS = YES;
				GCC_WARN_64_TO_32_BIT_CONVERSION = YES;
				GCC_WARN_ABOUT_RETURN_TYPE = YES_ERROR;
				GCC_WARN_UNDECLARED_SELECTOR = YES;
				GCC_WARN_UNINITIALIZED_AUTOS = YES_AGGRESSIVE;
				GCC_WARN_UNUSED_FUNCTION = YES;
				GCC_WARN_UNUSED_VARIABLE = YES;
				MACOSX_DEPLOYMENT_TARGET = 10.12;
				MTL_ENABLE_DEBUG_INFO = NO;
				SDKROOT = macosx;
				SWIFT_OPTIMIZATION_LEVEL = "-Owholemodule";
			};
			name = Release;
		};
		3D4D83971ECA1ADD007D3582 /* Debug */ = {
			isa = XCBuildConfiguration;
			buildSettings = {
				ASSETCATALOG_COMPILER_APPICON_NAME = AppIcon;
				COMBINE_HIDPI_IMAGES = YES;
				DEVELOPMENT_TEAM = LXW484D3N9;
				INFOPLIST_FILE = UDP_Flooder/Info.plist;
				LD_RUNPATH_SEARCH_PATHS = "$(inherited) @executable_path/../Frameworks";
				PRODUCT_BUNDLE_IDENTIFIER = "dimo.hamdy.UDP-Flooder";
				PRODUCT_NAME = "$(TARGET_NAME)";
				SWIFT_VERSION = 3.0;
			};
			name = Debug;
		};
		3D4D83981ECA1ADD007D3582 /* Release */ = {
			isa = XCBuildConfiguration;
			buildSettings = {
				ASSETCATALOG_COMPILER_APPICON_NAME = AppIcon;
				COMBINE_HIDPI_IMAGES = YES;
				DEVELOPMENT_TEAM = LXW484D3N9;
				INFOPLIST_FILE = UDP_Flooder/Info.plist;
				LD_RUNPATH_SEARCH_PATHS = "$(inherited) @executable_path/../Frameworks";
				PRODUCT_BUNDLE_IDENTIFIER = "dimo.hamdy.UDP-Flooder";
				PRODUCT_NAME = "$(TARGET_NAME)";
				SWIFT_VERSION = 3.0;
			};
			name = Release;
		};
/* End XCBuildConfiguration section */

/* Begin XCConfigurationList section */
		3D4D83821ECA1ADD007D3582 /* Build configuration list for PBXProject "UDP_Flooder" */ = {
			isa = XCConfigurationList;
			buildConfigurations = (
				3D4D83941ECA1ADD007D3582 /* Debug */,
				3D4D83951ECA1ADD007D3582 /* Release */,
			);
			defaultConfigurationIsVisible = 0;
			defaultConfigurationName = Release;
		};
		3D4D83961ECA1ADD007D3582 /* Build configuration list for PBXNativeTarget "UDP_Flooder" */ = {
			isa = XCConfigurationList;
			buildConfigurations = (
				3D4D83971ECA1ADD007D3582 /* Debug */,
				3D4D83981ECA1ADD007D3582 /* Release */,
			);
			defaultConfigurationIsVisible = 0;
		};
/* End XCConfigurationList section */
	};
	rootObject = 3D4D837F1ECA1ADD007D3582 /* Project object */;
}
